
Microsoft Visual Studio Solution File, Format Version 12.00
# Visual Studio Version 17
VisualStudioVersion = 17.14.36310.24 d17.14
MinimumVisualStudioVersion = 10.0.40219.1
Project("{FAE04EC0-301F-11D3-BF4B-00C04F79EFBC}") = "13) CSV Line Parser with Quotes", "13) CSV Line Parser with Quotes.csproj", "{A5C32B37-058B-4696-9F29-BF6FA1153173}"
EndProject
Global
	GlobalSection(SolutionConfigurationPlatforms) = preSolution
		Debug|Any CPU = Debug|Any CPU
		Release|Any CPU = Release|Any CPU
	EndGlobalSection
	GlobalSection(ProjectConfigurationPlatforms) = postSolution
		{A5C32B37-058B-4696-9F29-BF6FA1153173}.Debug|Any CPU.ActiveCfg = Debug|Any CPU
		{A5C32B37-058B-4696-9F29-BF6FA1153173}.Debug|Any CPU.Build.0 = Debug|Any CPU
		{A5C32B37-058B-4696-9F29-BF6FA1153173}.Release|Any CPU.ActiveCfg = Release|Any CPU
		{A5C32B37-058B-4696-9F29-BF6FA1153173}.Release|Any CPU.Build.0 = Release|Any CPU
	EndGlobalSection
	GlobalSection(SolutionProperties) = preSolution
		HideSolutionNode = FALSE
	EndGlobalSection
	GlobalSection(ExtensibilityGlobals) = postSolution
		SolutionGuid = {8DD3C76B-37FE-42FF-BE65-DD0E95A7DFEC}
	EndGlobalSection
EndGlobal
